
Microsoft Visual Studio Solution File, Format Version 12.00
# Visual Studio Version 17
VisualStudioVersion = 17.2.32526.322
MinimumVisualStudioVersion = 10.0.40219.1
Project("{888888A0-9F3D-457C-B088-3A5042F75D52}") = "hdf5_database", "hdf5_database.pyproj", "{04E142DB-8F59-4235-9772-5455C1CA2236}"
EndProject
Global
	GlobalSection(SolutionConfigurationPlatforms) = preSolution
		Debug|Any CPU = Debug|Any CPU
		Release|Any CPU = Release|Any CPU
	EndGlobalSection
	GlobalSection(ProjectConfigurationPlatforms) = postSolution
		{04E142DB-8F59-4235-9772-5455C1CA2236}.Debug|Any CPU.ActiveCfg = Debug|Any CPU
		{04E142DB-8F59-4235-9772-5455C1CA2236}.Release|Any CPU.ActiveCfg = Release|Any CPU
	EndGlobalSection
	GlobalSection(SolutionProperties) = preSolution
		HideSolutionNode = FALSE
	EndGlobalSection
	GlobalSection(ExtensibilityGlobals) = postSolution
		SolutionGuid = {690BCDFA-1BBC-41CC-BBC4-0FFCFD03A9F4}
	EndGlobalSection
EndGlobal
